
Microsoft Visual Studio Solution File, Format Version 12.00
# Visual Studio Version 16
VisualStudioVersion = 16.0.31702.278
MinimumVisualStudioVersion = 10.0.40219.1
Project("{FAE04EC0-301F-11D3-BF4B-00C04F79EFBC}") = "ProjetoZero", "ProjetoZero.csproj", "{742CF469-F605-4DCB-9F1E-711DE6E9FCB5}"
EndProject
Global
	GlobalSection(SolutionConfigurationPlatforms) = preSolution
		Debug|Any CPU = Debug|Any CPU
		Release|Any CPU = Release|Any CPU
	EndGlobalSection
	GlobalSection(ProjectConfigurationPlatforms) = postSolution
		{742CF469-F605-4DCB-9F1E-711DE6E9FCB5}.Debug|Any CPU.ActiveCfg = Debug|Any CPU
		{742CF469-F605-4DCB-9F1E-711DE6E9FCB5}.Debug|Any CPU.Build.0 = Debug|Any CPU
		{742CF469-F605-4DCB-9F1E-711DE6E9FCB5}.Release|Any CPU.ActiveCfg = Release|Any CPU
		{742CF469-F605-4DCB-9F1E-711DE6E9FCB5}.Release|Any CPU.Build.0 = Release|Any CPU
	EndGlobalSection
	GlobalSection(SolutionProperties) = preSolution
		HideSolutionNode = FALSE
	EndGlobalSection
	GlobalSection(ExtensibilityGlobals) = postSolution
		SolutionGuid = {A800FB55-67F7-4578-B64D-F14FBA269916}
	EndGlobalSection
EndGlobal
